
Microsoft Visual Studio Solution File, Format Version 12.00
# Visual Studio Version 17
VisualStudioVersion = 17.1.32210.238
MinimumVisualStudioVersion = 10.0.40219.1
Project("{FAE04EC0-301F-11D3-BF4B-00C04F79EFBC}") = "baitapvemang", "baitapvemang\baitapvemang.csproj", "{7CAC940B-7B54-496B-8318-93D5B2C3A480}"
EndProject
Global
	GlobalSection(SolutionConfigurationPlatforms) = preSolution
		Debug|Any CPU = Debug|Any CPU
		Release|Any CPU = Release|Any CPU
	EndGlobalSection
	GlobalSection(ProjectConfigurationPlatforms) = postSolution
		{7CAC940B-7B54-496B-8318-93D5B2C3A480}.Debug|Any CPU.ActiveCfg = Debug|Any CPU
		{7CAC940B-7B54-496B-8318-93D5B2C3A480}.Debug|Any CPU.Build.0 = Debug|Any CPU
		{7CAC940B-7B54-496B-8318-93D5B2C3A480}.Release|Any CPU.ActiveCfg = Release|Any CPU
		{7CAC940B-7B54-496B-8318-93D5B2C3A480}.Release|Any CPU.Build.0 = Release|Any CPU
	EndGlobalSection
	GlobalSection(SolutionProperties) = preSolution
		HideSolutionNode = FALSE
	EndGlobalSection
	GlobalSection(ExtensibilityGlobals) = postSolution
		SolutionGuid = {158CF7A4-83E7-43E5-BFF8-B4633C8FAFB7}
	EndGlobalSection
EndGlobal
